
Microsoft Visual Studio Solution File, Format Version 12.00
# Visual Studio Version 16
VisualStudioVersion = 16.0.31321.278
MinimumVisualStudioVersion = 10.0.40219.1
Project("{9A19103F-16F7-4668-BE54-9A1E7A4F7556}") = "HomeWork_4.8_2", "HomeWork_4.8_2\HomeWork_4.8_2.csproj", "{B9C966ED-84C8-4959-917E-785A3C39BCFF}"
EndProject
Project("{FAE04EC0-301F-11D3-BF4B-00C04F79EFBC}") = "HomeWork_4.8_1", "HomeWork_4.8_1\HomeWork_4.8_1.csproj", "{9086F96D-1D33-4FA4-9DB5-45BB698F7340}"
EndProject
Project("{FAE04EC0-301F-11D3-BF4B-00C04F79EFBC}") = "HomeWork_4.8_3", "HomeWork_4.8_3\HomeWork_4.8_3.csproj", "{9A28F992-885E-4EBA-910D-1EE4EAB67410}"
EndProject
Global
	GlobalSection(SolutionConfigurationPlatforms) = preSolution
		Debug|Any CPU = Debug|Any CPU
		Release|Any CPU = Release|Any CPU
	EndGlobalSection
	GlobalSection(ProjectConfigurationPlatforms) = postSolution
		{B9C966ED-84C8-4959-917E-785A3C39BCFF}.Debug|Any CPU.ActiveCfg = Debug|Any CPU
		{B9C966ED-84C8-4959-917E-785A3C39BCFF}.Debug|Any CPU.Build.0 = Debug|Any CPU
		{B9C966ED-84C8-4959-917E-785A3C39BCFF}.Release|Any CPU.ActiveCfg = Release|Any CPU
		{B9C966ED-84C8-4959-917E-785A3C39BCFF}.Release|Any CPU.Build.0 = Release|Any CPU
		{9086F96D-1D33-4FA4-9DB5-45BB698F7340}.Debug|Any CPU.ActiveCfg = Debug|Any CPU
		{9086F96D-1D33-4FA4-9DB5-45BB698F7340}.Debug|Any CPU.Build.0 = Debug|Any CPU
		{9086F96D-1D33-4FA4-9DB5-45BB698F7340}.Release|Any CPU.ActiveCfg = Release|Any CPU
		{9086F96D-1D33-4FA4-9DB5-45BB698F7340}.Release|Any CPU.Build.0 = Release|Any CPU
		{9A28F992-885E-4EBA-910D-1EE4EAB67410}.Debug|Any CPU.ActiveCfg = Debug|Any CPU
		{9A28F992-885E-4EBA-910D-1EE4EAB67410}.Debug|Any CPU.Build.0 = Debug|Any CPU
		{9A28F992-885E-4EBA-910D-1EE4EAB67410}.Release|Any CPU.ActiveCfg = Release|Any CPU
		{9A28F992-885E-4EBA-910D-1EE4EAB67410}.Release|Any CPU.Build.0 = Release|Any CPU
	EndGlobalSection
	GlobalSection(SolutionProperties) = preSolution
		HideSolutionNode = FALSE
	EndGlobalSection
	GlobalSection(ExtensibilityGlobals) = postSolution
		SolutionGuid = {20550711-B6A3-4B4E-A6BE-BFA30AF8705B}
	EndGlobalSection
EndGlobal
